Microsoft Visual Studio Solution File, Format Version 12.00
# Visual Studio Version 17
MinimumVisualStudioVersion = 10.0.40219.1
Project("{e21a1ed3-b9df-4e5c-8997-4129223854c7}") = "easycopy_rhino", "easycopy_rhino\easycopy_rhino.csproj", "{81f8e20a-df83-4312-8a93-b5571910a253}"
EndProject

Global
	GlobalSection(SolutionConfigurationPlatforms) = preSolution
		Debug|Any CPU = Debug|Any CPU
		Release|Any CPU = Release|Any CPU
	EndGlobalSection
	GlobalSection(ProjectConfigurationPlatforms) = postSolution
		{81f8e20a-df83-4312-8a93-b5571910a253}.Debug|Any CPU.ActiveCfg = Debug|Any CPU
		{81f8e20a-df83-4312-8a93-b5571910a253}.Debug|Any CPU.Build.0 = Debug|Any CPU
		{81f8e20a-df83-4312-8a93-b5571910a253}.Release|Any CPU.ActiveCfg = Release|Any CPU
		{81f8e20a-df83-4312-8a93-b5571910a253}.Release|Any CPU.Build.0 = Release|Any CPU
	EndGlobalSection
EndGlobal
